{
  "version": 4,
  "terraform_version": "1.12.1",
  "serial": 22,
  "lineage": "a55851ed-2221-aebc-7bca-b3b86acbbb44",
  "outputs": {},
  "resources": [
    {
      "mode": "managed",
      "type": "azurerm_app_service",
      "name": "app",
      "provider": "provider[\"registry.terraform.io/hashicorp/azurerm\"]",
      "instances": [
        {
          "schema_version": 0,
          "attributes": {
            "app_service_plan_id": "/subscriptions/afad201c-d1b9-46b2-a60b-450f99c14e5c/resourceGroups/rg-myapp/providers/Microsoft.Web/serverFarms/appserviceplan",
            "app_settings": {
              "STORAGE_ACCOUNT_NAME": "mystorageacctjmoli2025"
            },
            "auth_settings": [
              {
                "active_directory": [],
                "additional_login_params": {},
                "allowed_external_redirect_urls": [],
                "default_provider": "",
                "enabled": false,
                "facebook": [],
                "google": [],
                "issuer": "",
                "microsoft": [],
                "runtime_version": "",
                "token_refresh_extension_hours": 0,
                "token_store_enabled": false,
                "twitter": [],
                "unauthenticated_client_action": ""
              }
            ],
            "backup": [],
            "client_affinity_enabled": false,
            "client_cert_enabled": false,
            "client_cert_mode": "Required",
            "connection_string": [],
            "custom_domain_verification_id": "D8BF5EFEB4A7A94D55193F047B97538C70BAFA8724A2D99672D096FC7D1EF0EA",
            "default_site_hostname": "myappservice1234-jmb.azurewebsites.net",
            "enabled": true,
            "https_only": false,
            "id": "/subscriptions/afad201c-d1b9-46b2-a60b-450f99c14e5c/resourceGroups/rg-myapp/providers/Microsoft.Web/sites/myappservice1234-jmb",
            "identity": [
              {
                "identity_ids": [],
                "principal_id": "0e1f3804-81d1-4ce5-81ae-9f8d239f0bc6",
                "tenant_id": "bff06d89-48f9-41a6-b2e3-8910cfe1f722",
                "type": "SystemAssigned"
              }
            ],
            "key_vault_reference_identity_id": "SystemAssigned",
            "location": "eastus",
            "logs": [
              {
                "application_logs": [
                  {
                    "azure_blob_storage": [],
                    "file_system_level": "Off"
                  }
                ],
                "detailed_error_messages_enabled": false,
                "failed_request_tracing_enabled": false,
                "http_logs": [
                  {
                    "azure_blob_storage": [],
                    "file_system": []
                  }
                ]
              }
            ],
            "name": "myappservice1234-jmb",
            "outbound_ip_address_list": [
              "191.237.31.86",
              "191.237.26.176",
              "191.237.20.70",
              "191.237.18.239",
              "191.237.24.89"
            ],
            "outbound_ip_addresses": "191.237.31.86,191.237.26.176,191.237.20.70,191.237.18.239,191.237.24.89",
            "possible_outbound_ip_address_list": [
              "191.237.31.86",
              "191.237.26.176",
              "191.237.20.70",
              "191.237.18.239",
              "135.237.23.27",
              "40.88.135.15",
              "40.88.135.17",
              "20.39.52.220",
              "40.88.135.16",
              "40.88.135.18",
              "20.85.144.16",
              "20.241.148.168",
              "20.241.148.173",
              "20.241.148.215",
              "20.241.149.24",
              "20.241.149.35",
              "4.157.56.39",
              "4.157.56.129",
              "4.157.56.153",
              "4.157.56.170",
              "4.157.56.246",
              "4.157.57.66",
              "191.237.24.89"
            ],
            "possible_outbound_ip_addresses": "191.237.31.86,191.237.26.176,191.237.20.70,191.237.18.239,135.237.23.27,40.88.135.15,40.88.135.17,20.39.52.220,40.88.135.16,40.88.135.18,20.85.144.16,20.241.148.168,20.241.148.173,20.241.148.215,20.241.149.24,20.241.149.35,4.157.56.39,4.157.56.129,4.157.56.153,4.157.56.170,4.157.56.246,4.157.57.66,191.237.24.89",
            "resource_group_name": "rg-myapp",
            "site_config": [
              {
                "acr_use_managed_identity_credentials": false,
                "acr_user_managed_identity_client_id": "",
                "always_on": false,
                "app_command_line": "",
                "auto_swap_slot_name": "",
                "cors": [],
                "default_documents": [
                  "Default.htm",
                  "Default.html",
                  "Default.asp",
                  "index.htm",
                  "index.html",
                  "iisstart.htm",
                  "default.aspx",
                  "index.php",
                  "hostingstart.html"
                ],
                "dotnet_framework_version": "v4.0",
                "ftps_state": "FtpsOnly",
                "health_check_path": "",
                "http2_enabled": false,
                "ip_restriction": [],
                "java_container": "",
                "java_container_version": "",
                "java_version": "",
                "linux_fx_version": "",
                "local_mysql_enabled": false,
                "managed_pipeline_mode": "Integrated",
                "min_tls_version": "1.2",
                "number_of_workers": 1,
                "php_version": "5.6",
                "python_version": "",
                "remote_debugging_enabled": false,
                "remote_debugging_version": "",
                "scm_ip_restriction": [],
                "scm_type": "None",
                "scm_use_main_ip_restriction": false,
                "use_32_bit_worker_process": true,
                "vnet_route_all_enabled": false,
                "websockets_enabled": false,
                "windows_fx_version": ""
              }
            ],
            "site_credential": [
              {
                "password": "811lci759fEBBgp9w0Dju6vNai3gexeMgJ8jJQ9qsqG2gshBAq5mFBpzRacp",
                "username": "$myappservice1234-jmb"
              }
            ],
            "source_control": [
              {
                "branch": "main",
                "manual_integration": false,
                "repo_url": "",
                "rollback_enabled": false,
                "use_mercurial": false
              }
            ],
            "storage_account": [],
            "tags": {},
            "timeouts": null
          },
          "sensitive_attributes": [],
          "identity_schema_version": 0,
          "private": "eyJlMmJmYjczMC1lY2FhLTExZTYtOGY4OC0zNDM2M2JjN2M0YzAiOnsiY3JlYXRlIjoxODAwMDAwMDAwMDAwLCJkZWxldGUiOjE4MDAwMDAwMDAwMDAsInJlYWQiOjMwMDAwMDAwMDAwMCwidXBkYXRlIjoxODAwMDAwMDAwMDAwfX0=",
          "dependencies": [
            "azurerm_app_service_plan.plan",
            "azurerm_resource_group.rg",
            "azurerm_storage_account.storage"
          ]
        }
      ]
    },
    {
      "mode": "managed",
      "type": "azurerm_app_service_plan",
      "name": "plan",
      "provider": "provider[\"registry.terraform.io/hashicorp/azurerm\"]",
      "instances": [
        {
          "schema_version": 1,
          "attributes": {
            "app_service_environment_id": "",
            "id": "/subscriptions/afad201c-d1b9-46b2-a60b-450f99c14e5c/resourceGroups/rg-myapp/providers/Microsoft.Web/serverFarms/appserviceplan",
            "is_xenon": false,
            "kind": "Windows",
            "location": "eastus",
            "maximum_elastic_worker_count": 1,
            "maximum_number_of_workers": 3,
            "name": "appserviceplan",
            "per_site_scaling": false,
            "reserved": false,
            "resource_group_name": "rg-myapp",
            "sku": [
              {
                "capacity": 1,
                "size": "B1",
                "tier": "Basic"
              }
            ],
            "tags": {},
            "timeouts": null,
            "zone_redundant": false
          },
          "sensitive_attributes": [],
          "identity_schema_version": 0,
          "private": "eyJlMmJmYjczMC1lY2FhLTExZTYtOGY4OC0zNDM2M2JjN2M0YzAiOnsiY3JlYXRlIjozNjAwMDAwMDAwMDAwLCJkZWxldGUiOjM2MDAwMDAwMDAwMDAsInJlYWQiOjMwMDAwMDAwMDAwMCwidXBkYXRlIjozNjAwMDAwMDAwMDAwfSwic2NoZW1hX3ZlcnNpb24iOiIxIn0=",
          "dependencies": [
            "azurerm_resource_group.rg"
          ]
        }
      ]
    },
    {
      "mode": "managed",
      "type": "azurerm_resource_group",
      "name": "rg",
      "provider": "provider[\"registry.terraform.io/hashicorp/azurerm\"]",
      "instances": [
        {
          "schema_version": 0,
          "attributes": {
            "id": "/subscriptions/afad201c-d1b9-46b2-a60b-450f99c14e5c/resourceGroups/rg-myapp",
            "location": "eastus",
            "managed_by": "",
            "name": "rg-myapp",
            "tags": {},
            "timeouts": null
          },
          "sensitive_attributes": [],
          "identity_schema_version": 0,
          "private": "eyJlMmJmYjczMC1lY2FhLTExZTYtOGY4OC0zNDM2M2JjN2M0YzAiOnsiY3JlYXRlIjo1NDAwMDAwMDAwMDAwLCJkZWxldGUiOjU0MDAwMDAwMDAwMDAsInJlYWQiOjMwMDAwMDAwMDAwMCwidXBkYXRlIjo1NDAwMDAwMDAwMDAwfX0="
        }
      ]
    },
    {
      "mode": "managed",
      "type": "azurerm_storage_account",
      "name": "storage",
      "provider": "provider[\"registry.terraform.io/hashicorp/azurerm\"]",
      "instances": [
        {
          "schema_version": 4,
          "attributes": {
            "access_tier": "Hot",
            "account_kind": "StorageV2",
            "account_replication_type": "LRS",
            "account_tier": "Standard",
            "allow_nested_items_to_be_public": true,
            "allowed_copy_scope": "",
            "azure_files_authentication": [],
            "blob_properties": [
              {
                "change_feed_enabled": false,
                "change_feed_retention_in_days": 0,
                "container_delete_retention_policy": [],
                "cors_rule": [],
                "default_service_version": "",
                "delete_retention_policy": [],
                "last_access_time_enabled": false,
                "restore_policy": [],
                "versioning_enabled": false
              }
            ],
            "cross_tenant_replication_enabled": false,
            "custom_domain": [],
            "customer_managed_key": [],
            "default_to_oauth_authentication": false,
            "dns_endpoint_type": "Standard",
            "edge_zone": "",
            "https_traffic_only_enabled": true,
            "id": "/subscriptions/afad201c-d1b9-46b2-a60b-450f99c14e5c/resourceGroups/rg-myapp/providers/Microsoft.Storage/storageAccounts/mystorageacctjmoli2025",
            "identity": [],
            "immutability_policy": [],
            "infrastructure_encryption_enabled": false,
            "is_hns_enabled": false,
            "large_file_share_enabled": false,
            "local_user_enabled": true,
            "location": "eastus",
            "min_tls_version": "TLS1_2",
            "name": "mystorageacctjmoli2025",
            "network_rules": [],
            "nfsv3_enabled": false,
            "primary_access_key": "iZTIMTlPT6bpu3TTKwuRcE12dEu7nyjEUm8YfC46QLalhObGOnAV+poAMXip5tGn2Nko3/5Vl0Dk+ASthLBj4g==",
            "primary_blob_connection_string": "DefaultEndpointsProtocol=https;BlobEndpoint=https://mystorageacctjmoli2025.blob.core.windows.net/;AccountName=mystorageacctjmoli2025;AccountKey=iZTIMTlPT6bpu3TTKwuRcE12dEu7nyjEUm8YfC46QLalhObGOnAV+poAMXip5tGn2Nko3/5Vl0Dk+ASthLBj4g==",
            "primary_blob_endpoint": "https://mystorageacctjmoli2025.blob.core.windows.net/",
            "primary_blob_host": "mystorageacctjmoli2025.blob.core.windows.net",
            "primary_blob_internet_endpoint": "",
            "primary_blob_internet_host": "",
            "primary_blob_microsoft_endpoint": "",
            "primary_blob_microsoft_host": "",
            "primary_connection_string": "DefaultEndpointsProtocol=https;AccountName=mystorageacctjmoli2025;AccountKey=iZTIMTlPT6bpu3TTKwuRcE12dEu7nyjEUm8YfC46QLalhObGOnAV+poAMXip5tGn2Nko3/5Vl0Dk+ASthLBj4g==;EndpointSuffix=core.windows.net",
            "primary_dfs_endpoint": "https://mystorageacctjmoli2025.dfs.core.windows.net/",
            "primary_dfs_host": "mystorageacctjmoli2025.dfs.core.windows.net",
            "primary_dfs_internet_endpoint": "",
            "primary_dfs_internet_host": "",
            "primary_dfs_microsoft_endpoint": "",
            "primary_dfs_microsoft_host": "",
            "primary_file_endpoint": "https://mystorageacctjmoli2025.file.core.windows.net/",
            "primary_file_host": "mystorageacctjmoli2025.file.core.windows.net",
            "primary_file_internet_endpoint": "",
            "primary_file_internet_host": "",
            "primary_file_microsoft_endpoint": "",
            "primary_file_microsoft_host": "",
            "primary_location": "eastus",
            "primary_queue_endpoint": "https://mystorageacctjmoli2025.queue.core.windows.net/",
            "primary_queue_host": "mystorageacctjmoli2025.queue.core.windows.net",
            "primary_queue_microsoft_endpoint": "",
            "primary_queue_microsoft_host": "",
            "primary_table_endpoint": "https://mystorageacctjmoli2025.table.core.windows.net/",
            "primary_table_host": "mystorageacctjmoli2025.table.core.windows.net",
            "primary_table_microsoft_endpoint": "",
            "primary_table_microsoft_host": "",
            "primary_web_endpoint": "https://mystorageacctjmoli2025.z13.web.core.windows.net/",
            "primary_web_host": "mystorageacctjmoli2025.z13.web.core.windows.net",
            "primary_web_internet_endpoint": "",
            "primary_web_internet_host": "",
            "primary_web_microsoft_endpoint": "",
            "primary_web_microsoft_host": "",
            "public_network_access_enabled": true,
            "queue_encryption_key_type": "Service",
            "queue_properties": [
              {
                "cors_rule": [],
                "hour_metrics": [
                  {
                    "enabled": false,
                    "include_apis": false,
                    "retention_policy_days": 0,
                    "version": "1.0"
                  }
                ],
                "logging": [
                  {
                    "delete": false,
                    "read": false,
                    "retention_policy_days": 0,
                    "version": "1.0",
                    "write": false
                  }
                ],
                "minute_metrics": [
                  {
                    "enabled": false,
                    "include_apis": false,
                    "retention_policy_days": 0,
                    "version": "1.0"
                  }
                ]
              }
            ],
            "resource_group_name": "rg-myapp",
            "routing": [],
            "sas_policy": [],
            "secondary_access_key": "xIwzvgYnY9OyTD4foJo+JNAMyv+MPwMU0Jhnf6IpBS2FNSR2e0tEMD2EI/YyRk+FRA2EF7qUnAuz+ASt9O9DfQ==",
            "secondary_blob_connection_string": "",
            "secondary_blob_endpoint": "",
            "secondary_blob_host": "",
            "secondary_blob_internet_endpoint": "",
            "secondary_blob_internet_host": "",
            "secondary_blob_microsoft_endpoint": "",
            "secondary_blob_microsoft_host": "",
            "secondary_connection_string": "DefaultEndpointsProtocol=https;AccountName=mystorageacctjmoli2025;AccountKey=xIwzvgYnY9OyTD4foJo+JNAMyv+MPwMU0Jhnf6IpBS2FNSR2e0tEMD2EI/YyRk+FRA2EF7qUnAuz+ASt9O9DfQ==;EndpointSuffix=core.windows.net",
            "secondary_dfs_endpoint": "",
            "secondary_dfs_host": "",
            "secondary_dfs_internet_endpoint": "",
            "secondary_dfs_internet_host": "",
            "secondary_dfs_microsoft_endpoint": "",
            "secondary_dfs_microsoft_host": "",
            "secondary_file_endpoint": "",
            "secondary_file_host": "",
            "secondary_file_internet_endpoint": "",
            "secondary_file_internet_host": "",
            "secondary_file_microsoft_endpoint": "",
            "secondary_file_microsoft_host": "",
            "secondary_location": "",
            "secondary_queue_endpoint": "",
            "secondary_queue_host": "",
            "secondary_queue_microsoft_endpoint": "",
            "secondary_queue_microsoft_host": "",
            "secondary_table_endpoint": "",
            "secondary_table_host": "",
            "secondary_table_microsoft_endpoint": "",
            "secondary_table_microsoft_host": "",
            "secondary_web_endpoint": "",
            "secondary_web_host": "",
            "secondary_web_internet_endpoint": "",
            "secondary_web_internet_host": "",
            "secondary_web_microsoft_endpoint": "",
            "secondary_web_microsoft_host": "",
            "sftp_enabled": false,
            "share_properties": [
              {
                "cors_rule": [],
                "retention_policy": [
                  {
                    "days": 7
                  }
                ],
                "smb": []
              }
            ],
            "shared_access_key_enabled": true,
            "static_website": [],
            "table_encryption_key_type": "Service",
            "tags": {},
            "timeouts": null
          },
          "sensitive_attributes": [
            [
              {
                "type": "get_attr",
                "value": "primary_access_key"
              }
            ],
            [
              {
                "type": "get_attr",
                "value": "primary_blob_connection_string"
              }
            ],
            [
              {
                "type": "get_attr",
                "value": "primary_connection_string"
              }
            ],
            [
              {
                "type": "get_attr",
                "value": "secondary_access_key"
              }
            ],
            [
              {
                "type": "get_attr",
                "value": "secondary_blob_connection_string"
              }
            ],
            [
              {
                "type": "get_attr",
                "value": "secondary_connection_string"
              }
            ]
          ],
          "identity_schema_version": 0,
          "private": "eyJlMmJmYjczMC1lY2FhLTExZTYtOGY4OC0zNDM2M2JjN2M0YzAiOnsiY3JlYXRlIjozNjAwMDAwMDAwMDAwLCJkZWxldGUiOjM2MDAwMDAwMDAwMDAsInJlYWQiOjMwMDAwMDAwMDAwMCwidXBkYXRlIjozNjAwMDAwMDAwMDAwfSwic2NoZW1hX3ZlcnNpb24iOiI0In0=",
          "dependencies": [
            "azurerm_resource_group.rg"
          ]
        }
      ]
    }
  ],
  "check_results": null
}
